
Microsoft Visual Studio Solution File, Format Version 12.00
# Visual Studio Version 17
VisualStudioVersion = 17.13.35931.197 d17.13
MinimumVisualStudioVersion = 10.0.40219.1
Project("{FAE04EC0-301F-11D3-BF4B-00C04F79EFBC}") = "ChatMessenger", "ChatMessenger\ChatMessenger.csproj", "{81B91B4A-6C12-4C29-B890-BC34537A4807}"
EndProject
Global
	GlobalSection(SolutionConfigurationPlatforms) = preSolution
		Debug|Any CPU = Debug|Any CPU
		Release|Any CPU = Release|Any CPU
	EndGlobalSection
	GlobalSection(ProjectConfigurationPlatforms) = postSolution
		{81B91B4A-6C12-4C29-B890-BC34537A4807}.Debug|Any CPU.ActiveCfg = Debug|Any CPU
		{81B91B4A-6C12-4C29-B890-BC34537A4807}.Debug|Any CPU.Build.0 = Debug|Any CPU
		{81B91B4A-6C12-4C29-B890-BC34537A4807}.Release|Any CPU.ActiveCfg = Release|Any CPU
		{81B91B4A-6C12-4C29-B890-BC34537A4807}.Release|Any CPU.Build.0 = Release|Any CPU
	EndGlobalSection
	GlobalSection(SolutionProperties) = preSolution
		HideSolutionNode = FALSE
	EndGlobalSection
	GlobalSection(ExtensibilityGlobals) = postSolution
		SolutionGuid = {C353A1FE-9618-4C73-A494-01989AC081B2}
	EndGlobalSection
EndGlobal
